github.com/misterunix/cgo-gd v0.0.1-rc1 h1:qB3kd0/R6eJEuTnFXurpRRAwricTdLIihFj6ucl7EGs=
github.com/misterunix/cgo-gd v0.0.1-rc1/go.mod h1:KpY6Iq/aWjSOzYI39CQf3tsmkqAa2mbtCEdvVo5evqw=
github.com/misterunix/colorworks v0.0.1-gamma h1:COqfGeac5k37YIaujYhHba3Apt+e1jMMZEcpriKZ01Y=
github.com/misterunix/colorworks v0.0.1-gamma/go.mod h1:HKd7U1W34WFoAgG1OIylLDKRqpRZ/Y4ZoINElTARfJ8=
